# This file is automatically @generated by Cargo.
# It is not intended for manual editing.
version = 3

[[package]]
name = "abs"
version = "0.1.0"
dependencies = [
 "proconio",
]

[[package]]
name = "arrays"
version = "0.1.0"
dependencies = [
 "proconio",
]

[[package]]
name = "lazy_static"
version = "1.4.0"
source = "registry+https://github.com/rust-lang/crates.io-index"
checksum = "e2abad23fbc42b3700f2f279844dc832adb2b2eb069b2df918f455c4e18cc646"

[[package]]
name = "loops"
version = "0.1.0"
dependencies = [
 "proconio",
]

[[package]]
name = "multiple-dimensions-array"
version = "0.1.0"
dependencies = [
 "proconio",
]

[[package]]
name = "nested-loops"
version = "0.1.0"
dependencies = [
 "proconio",
]

[[package]]
name = "proconio"
version = "0.4.3"
source = "registry+https://github.com/rust-lang/crates.io-index"
checksum = "91c333be3af2936f8e810300bc74fe4d0cc168ebc04ab02a28c5b1060fa1bd59"
dependencies = [
 "lazy_static",
]

[[package]]
name = "stl"
version = "0.1.0"
dependencies = [
 "proconio",
]

[[package]]
name = "strings"
version = "0.1.0"
dependencies = [
 "proconio",
]
